// !$*UTF8*$!
{
	archiveVersion = 1;
	classes = {
	};
	objectVersion = 50;
	objects = {

/* Begin PBXBuildFile section */
		77DE83632100EB85006F609E /* AppDelegate.swift in Sources */ = {isa = PBXBuildFile; fileRef = 77DE83622100EB85006F609E /* AppDelegate.swift */; };
		77DE83652100EB85006F609E /* ViewController.swift in Sources */ = {isa = PBXBuildFile; fileRef = 77DE83642100EB85006F609E /* ViewController.swift */; };
		77DE83682100EB85006F609E /* Main.storyboard in Resources */ = {isa = PBXBuildFile; fileRef = 77DE83662100EB85006F609E /* Main.storyboard */; };
		77DE836A2100EB86006F609E /* Assets.xcassets in Resources */ = {isa = PBXBuildFile; fileRef = 77DE83692100EB86006F609E /* Assets.xcassets */; };
		77DE836D2100EB86006F609E /* LaunchScreen.storyboard in Resources */ = {isa = PBXBuildFile; fileRef = 77DE836B2100EB86006F609E /* LaunchScreen.storyboard */; };
		77DE83782100EB86006F609E /* HELLOTests.swift in Sources */ = {isa = PBXBuildFile; fileRef = 77DE83772100EB86006F609E /* HELLOTests.swift */; };
/* End PBXBuildFile section */

/* Begin PBXContainerItemProxy section */
		77DE83742100EB86006F609E /* PBXContainerItemProxy */ = {
			isa = PBXContainerItemProxy;
			containerPortal = 77DE83572100EB85006F609E /* Project object */;
			proxyType = 1;
			remoteGlobalIDString = 77DE835E2100EB85006F609E;
			remoteInfo = HELLO;
		};
/* End PBXContainerItemProxy section */

/* Begin PBXFileReference section */
		77DE835F2100EB85006F609E /* HELLO.app */ = {isa = PBXFileReference; explicitFileType = wrapper.application; includeInIndex = 0; path = HELLO.app; sourceTree = BUILT_PRODUCTS_DIR; };
		77DE83622100EB85006F609E /* AppDelegate.swift */ = {isa = PBXFileReference; lastKnownFileType = sourcecode.swift; path = AppDelegate.swift; sourceTree = "<group>"; };
		77DE83642100EB85006F609E /* ViewController.swift */ = {isa = PBXFileReference; lastKnownFileType = sourcecode.swift; path = ViewController.swift; sourceTree = "<group>"; };
		77DE83672100EB85006F609E /* Base */ = {isa = PBXFileReference; lastKnownFileType = file.storyboard; name = Base; path = Base.lproj/Main.storyboard; sourceTree = "<group>"; };
		77DE83692100EB86006F609E /* Assets.xcassets */ = {isa = PBXFileReference; lastKnownFileType = folder.assetcatalog; path = Assets.xcassets; sourceTree = "<group>"; };
		77DE836C2100EB86006F609E /* Base */ = {isa = PBXFileReference; lastKnownFileType = file.storyboard; name = Base; path = Base.lproj/LaunchScreen.storyboard; sourceTree = "<group>"; };
		77DE836E2100EB86006F609E /* Info.plist */ = {isa = PBXFileReference; lastKnownFileType = text.plist.xml; path = Info.plist; sourceTree = "<group>"; };
		77DE83732100EB86006F609E /* HELLOTests.xctest */ = {isa = PBXFileReference; explicitFileType = wrapper.cfbundle; includeInIndex = 0; path = HELLOTests.xctest; sourceTree = BUILT_PRODUCTS_DIR; };
		77DE83772100EB86006F609E /* HELLOTests.swift */ = {isa = PBXFileReference; lastKnownFileType = sourcecode.swift; path = HELLOTests.swift; sourceTree = "<group>"; };
		77DE83792100EB86006F609E /* Info.plist */ = {isa = PBXFileReference; lastKnownFileType = text.plist.xml; path = Info.plist; sourceTree = "<group>"; };
/* End PBXFileReference section */

/* Begin PBXFrameworksBuildPhase section */
		77DE835C2100EB85006F609E /* Frameworks */ = {
			isa = PBXFrameworksBuildPhase;
			buildActionMask = 2147483647;
			files = (
			);
			runOnlyForDeploymentPostprocessing = 0;
		};
		77DE83702100EB86006F609E /* Frameworks */ = {
			isa = PBXFrameworksBuildPhase;
			buildActionMask = 2147483647;
			files = (
			);
			runOnlyForDeploymentPostprocessing = 0;
		};
/* End PBXFrameworksBuildPhase section */

/* Begin PBXGroup section */
		77DE83562100EB85006F609E = {
			isa = PBXGroup;
			children = (
				77DE83612100EB85006F609E /* HELLO */,
				77DE83762100EB86006F609E /* HELLOTests */,
				77DE83602100EB85006F609E /* Products */,
			);
			sourceTree = "<group>";
		};
		77DE83602100EB85006F609E /* Products */ = {
			isa = PBXGroup;
			children = (
				77DE835F2100EB85006F609E /* HELLO.app */,
				77DE83732100EB86006F609E /* HELLOTests.xctest */,
			);
			name = Products;
			sourceTree = "<group>";
		};
		77DE83612100EB85006F609E /* HELLO */ = {
			isa = PBXGroup;
			children = (
				77DE83622100EB85006F609E /* AppDelegate.swift */,
				77DE83642100EB85006F609E /* ViewController.swift */,
				77DE83662100EB85006F609E /* Main.storyboard */,
				77DE83692100EB86006F609E /* Assets.xcassets */,
				77DE836B2100EB86006F609E /* LaunchScreen.storyboard */,
				77DE836E2100EB86006F609E /* Info.plist */,
			);
			path = HELLO;
			sourceTree = "<group>";
		};
		77DE83762100EB86006F609E /* HELLOTests */ = {
			isa = PBXGroup;
			children = (
				77DE83772100EB86006F609E /* HELLOTests.swift */,
				77DE83792100EB86006F609E /* Info.plist */,
			);
			path = HELLOTests;
			sourceTree = "<group>";
		};
/* End PBXGroup section */

/* Begin PBXNativeTarget section */
		77DE835E2100EB85006F609E /* HELLO */ = {
			isa = PBXNativeTarget;
			buildConfigurationList = 77DE837C2100EB86006F609E /* Build configuration list for PBXNativeTarget "HELLO" */;
			buildPhases = (
				77DE835B2100EB85006F609E /* Sources */,
				77DE835C2100EB85006F609E /* Frameworks */,
				77DE835D2100EB85006F609E /* Resources */,
			);
			buildRules = (
			);
			dependencies = (
			);
			name = HELLO;
			productName = HELLO;
			productReference = 77DE835F2100EB85006F609E /* HELLO.app */;
			productType = "com.apple.product-type.application";
		};
		77DE83722100EB86006F609E /* HELLOTests */ = {
			isa = PBXNativeTarget;
			buildConfigurationList = 77DE837F2100EB86006F609E /* Build configuration list for PBXNativeTarget "HELLOTests" */;
			buildPhases = (
				77DE836F2100EB86006F609E /* Sources */,
				77DE83702100EB86006F609E /* Frameworks */,
				77DE83712100EB86006F609E /* Resources */,
			);
			buildRules = (
			);
			dependencies = (
				77DE83752100EB86006F609E /* PBXTargetDependency */,
			);
			name = HELLOTests;
			productName = HELLOTests;
			productReference = 77DE83732100EB86006F609E /* HELLOTests.xctest */;
			productType = "com.apple.product-type.bundle.unit-test";
		};
/* End PBXNativeTarget section */

/* Begin PBXProject section */
		77DE83572100EB85006F609E /* Project object */ = {
			isa = PBXProject;
			attributes = {
				LastSwiftUpdateCheck = 0940;
				LastUpgradeCheck = 0940;
				ORGANIZATIONNAME = "Gajendra Choudhary";
				TargetAttributes = {
					77DE835E2100EB85006F609E = {
						CreatedOnToolsVersion = 9.4.1;
					};
					77DE83722100EB86006F609E = {
						CreatedOnToolsVersion = 9.4.1;
						TestTargetID = 77DE835E2100EB85006F609E;
					};
				};
			};
			buildConfigurationList = 77DE835A2100EB85006F609E /* Build configuration list for PBXProject "HELLO" */;
			compatibilityVersion = "Xcode 9.3";
			developmentRegion = en;
			hasScannedForEncodings = 0;
			knownRegions = (
				en,
				Base,
			);
			mainGroup = 77DE83562100EB85006F609E;
			productRefGroup = 77DE83602100EB85006F609E /* Products */;
			projectDirPath = "";
			projectRoot = "";
			targets = (
				77DE835E2100EB85006F609E /* HELLO */,
				77DE83722100EB86006F609E /* HELLOTests */,
			);
		};
/* End PBXProject section */

/* Begin PBXResourcesBuildPhase section */
		77DE835D2100EB85006F609E /* Resources */ = {
			isa = PBXResourcesBuildPhase;
			buildActionMask = 2147483647;
			files = (
				77DE836D2100EB86006F609E /* LaunchScreen.storyboard in Resources */,
				77DE836A2100EB86006F609E /* Assets.xcassets in Resources */,
				77DE83682100EB85006F609E /* Main.storyboard in Resources */,
			);
			runOnlyForDeploymentPostprocessing = 0;
		};
		77DE83712100EB86006F609E /* Resources */ = {
			isa = PBXResourcesBuildPhase;
			buildActionMask = 2147483647;
			files = (
			);
			runOnlyForDeploymentPostprocessing = 0;
		};
/* End PBXResourcesBuildPhase section */

/* Begin PBXSourcesBuildPhase section */
		77DE835B2100EB85006F609E /* Sources */ = {
			isa = PBXSourcesBuildPhase;
			buildActionMask = 2147483647;
			files = (
				77DE83652100EB85006F609E /* ViewController.swift in Sources */,
				77DE83632100EB85006F609E /* AppDelegate.swift in Sources */,
			);
			runOnlyForDeploymentPostprocessing = 0;
		};
		77DE836F2100EB86006F609E /* Sources */ = {
			isa = PBXSourcesBuildPhase;
			buildActionMask = 2147483647;
			files = (
				77DE83782100EB86006F609E /* HELLOTests.swift in Sources */,
			);
			runOnlyForDeploymentPostprocessing = 0;
		};
/* End PBXSourcesBuildPhase section */

/* Begin PBXTargetDependency section */
		77DE83752100EB86006F609E /* PBXTargetDependency */ = {
			isa = PBXTargetDependency;
			target = 77DE835E2100EB85006F609E /* HELLO */;
			targetProxy = 77DE83742100EB86006F609E /* PBXContainerItemProxy */;
		};
/* End PBXTargetDependency section */

/* Begin PBXVariantGroup section */
		77DE83662100EB85006F609E /* Main.storyboard */ = {
			isa = PBXVariantGroup;
			children = (
				77DE83672100EB85006F609E /* Base */,
			);
			name = Main.storyboard;
			sourceTree = "<group>";
		};
		77DE836B2100EB86006F609E /* LaunchScreen.storyboard */ = {
			isa = PBXVariantGroup;
			children = (
				77DE836C2100EB86006F609E /* Base */,
			);
			name = LaunchScreen.storyboard;
			sourceTree = "<group>";
		};
/* End PBXVariantGroup section */

/* Begin XCBuildConfiguration section */
		77DE837A2100EB86006F609E /* Debug */ = {
			isa = XCBuildConfiguration;
			buildSettings = {
				ALWAYS_SEARCH_USER_PATHS = NO;
				CLANG_ANALYZER_NONNULL = YES;
				CLANG_ANALYZER_NUMBER_OBJECT_CONVERSION = YES_AGGRESSIVE;
				CLANG_CXX_LANGUAGE_STANDARD = "gnu++14";
				CLANG_CXX_LIBRARY = "libc++";
				CLANG_ENABLE_MODULES = YES;
				CLANG_ENABLE_OBJC_ARC = YES;
				CLANG_ENABLE_OBJC_WEAK = YES;
				CLANG_WARN_BLOCK_CAPTURE_AUTORELEASING = YES;
				CLANG_WARN_BOOL_CONVERSION = YES;
				CLANG_WARN_COMMA = YES;
				CLANG_WARN_CONSTANT_CONVERSION = YES;
				CLANG_WARN_DEPRECATED_OBJC_IMPLEMENTATIONS = YES;
				CLANG_WARN_DIRECT_OBJC_ISA_USAGE = YES_ERROR;
				CLANG_WARN_DOCUMENTATION_COMMENTS = YES;
				CLANG_WARN_EMPTY_BODY = YES;
				CLANG_WARN_ENUM_CONVERSION = YES;
				CLANG_WARN_INFINITE_RECURSION = YES;
				CLANG_WARN_INT_CONVERSION = YES;
				CLANG_WARN_NON_LITERAL_NULL_CONVERSION = YES;
				CLANG_WARN_OBJC_IMPLICIT_RETAIN_SELF = YES;
				CLANG_WARN_OBJC_LITERAL_CONVERSION = YES;
				CLANG_WARN_OBJC_ROOT_CLASS = YES_ERROR;
				CLANG_WARN_RANGE_LOOP_ANALYSIS = YES;
				CLANG_WARN_STRICT_PROTOTYPES = YES;
				CLANG_WARN_SUSPICIOUS_MOVE = YES;
				CLANG_WARN_UNGUARDED_AVAILABILITY = YES_AGGRESSIVE;
				CLANG_WARN_UNREACHABLE_CODE = YES;
				CLANG_WARN__DUPLICATE_METHOD_MATCH = YES;
				CODE_SIGN_IDENTITY = "iPhone Developer";
				COPY_PHASE_STRIP = NO;
				DEBUG_INFORMATION_FORMAT = dwarf;
				ENABLE_STRICT_OBJC_MSGSEND = YES;
				ENABLE_TESTABILITY = YES;
				GCC_C_LANGUAGE_STANDARD = gnu11;
				GCC_DYNAMIC_NO_PIC = NO;
				GCC_NO_COMMON_BLOCKS = YES;
				GCC_OPTIMIZATION_LEVEL = 0;
				GCC_PREPROCESSOR_DEFINITIONS = (
					"DEBUG=1",
					"$(inherited)",
				);
				GCC_WARN_64_TO_32_BIT_CONVERSION = YES;
				GCC_WARN_ABOUT_RETURN_TYPE = YES_ERROR;
				GCC_WARN_UNDECLARED_SELECTOR = YES;
				GCC_WARN_UNINITIALIZED_AUTOS = YES_AGGRESSIVE;
				GCC_WARN_UNUSED_FUNCTION = YES;
				GCC_WARN_UNUSED_VARIABLE = YES;
				IPHONEOS_DEPLOYMENT_TARGET = 11.4;
				MTL_ENABLE_DEBUG_INFO = YES;
				ONLY_ACTIVE_ARCH = YES;
				SDKROOT = iphoneos;
				SWIFT_ACTIVE_COMPILATION_CONDITIONS = DEBUG;
				SWIFT_OPTIMIZATION_LEVEL = "-Onone";
			};
			name = Debug;
		};
		77DE837B2100EB86006F609E /* Release */ = {
			isa = XCBuildConfiguration;
			buildSettings = {
				ALWAYS_SEARCH_USER_PATHS = NO;
				CLANG_ANALYZER_NONNULL = YES;
				CLANG_ANALYZER_NUMBER_OBJECT_CONVERSION = YES_AGGRESSIVE;
				CLANG_CXX_LANGUAGE_STANDARD = "gnu++14";
				CLANG_CXX_LIBRARY = "libc++";
				CLANG_ENABLE_MODULES = YES;
				CLANG_ENABLE_OBJC_ARC = YES;
				CLANG_ENABLE_OBJC_WEAK = YES;
				CLANG_WARN_BLOCK_CAPTURE_AUTORELEASING = YES;
				CLANG_WARN_BOOL_CONVERSION = YES;
				CLANG_WARN_COMMA = YES;
				CLANG_WARN_CONSTANT_CONVERSION = YES;
				CLANG_WARN_DEPRECATED_OBJC_IMPLEMENTATIONS = YES;
				CLANG_WARN_DIRECT_OBJC_ISA_USAGE = YES_ERROR;
				CLANG_WARN_DOCUMENTATION_COMMENTS = YES;
				CLANG_WARN_EMPTY_BODY = YES;
				CLANG_WARN_ENUM_CONVERSION = YES;
				CLANG_WARN_INFINITE_RECURSION = YES;
				CLANG_WARN_INT_CONVERSION = YES;
				CLANG_WARN_NON_LITERAL_NULL_CONVERSION = YES;
				CLANG_WARN_OBJC_IMPLICIT_RETAIN_SELF = YES;
				CLANG_WARN_OBJC_LITERAL_CONVERSION = YES;
				CLANG_WARN_OBJC_ROOT_CLASS = YES_ERROR;
				CLANG_WARN_RANGE_LOOP_ANALYSIS = YES;
				CLANG_WARN_STRICT_PROTOTYPES = YES;
				CLANG_WARN_SUSPICIOUS_MOVE = YES;
				CLANG_WARN_UNGUARDED_AVAILABILITY = YES_AGGRESSIVE;
				CLANG_WARN_UNREACHABLE_CODE = YES;
				CLANG_WARN__DUPLICATE_METHOD_MATCH = YES;
				CODE_SIGN_IDENTITY = "iPhone Developer";
				COPY_PHASE_STRIP = NO;
				DEBUG_INFORMATION_FORMAT = "dwarf-with-dsym";
				ENABLE_NS_ASSERTIONS = NO;
				ENABLE_STRICT_OBJC_MSGSEND = YES;
				GCC_C_LANGUAGE_STANDARD = gnu11;
				GCC_NO_COMMON_BLOCKS = YES;
				GCC_WARN_64_TO_32_BIT_CONVERSION = YES;
				GCC_WARN_ABOUT_RETURN_TYPE = YES_ERROR;
				GCC_WARN_UNDECLARED_SELECTOR = YES;
				GCC_WARN_UNINITIALIZED_AUTOS = YES_AGGRESSIVE;
				GCC_WARN_UNUSED_FUNCTION = YES;
				GCC_WARN_UNUSED_VARIABLE = YES;
				IPHONEOS_DEPLOYMENT_TARGET = 11.4;
				MTL_ENABLE_DEBUG_INFO = NO;
				SDKROOT = iphoneos;
				SWIFT_COMPILATION_MODE = wholemodule;
				SWIFT_OPTIMIZATION_LEVEL = "-O";
				VALIDATE_PRODUCT = YES;
			};
			name = Release;
		};
		77DE837D2100EB86006F609E /* Debug */ = {
			isa = XCBuildConfiguration;
			buildSettings = {
				ASSETCATALOG_COMPILER_APPICON_NAME = AppIcon;
				CODE_SIGN_STYLE = Automatic;
				DEVELOPMENT_TEAM = T4G8L4HPA5;
				INFOPLIST_FILE = HELLO/Info.plist;
				LD_RUNPATH_SEARCH_PATHS = (
					"$(inherited)",
					"@executable_path/Frameworks",
				);
				PRODUCT_BUNDLE_IDENTIFIER = com.gajendra.HELLO;
				PRODUCT_NAME = "$(TARGET_NAME)";
				SWIFT_VERSION = 4.0;
				TARGETED_DEVICE_FAMILY = "1,2";
			};
			name = Debug;
		};
		77DE837E2100EB86006F609E /* Release */ = {
			isa = XCBuildConfiguration;
			buildSettings = {
				ASSETCATALOG_COMPILER_APPICON_NAME = AppIcon;
				CODE_SIGN_STYLE = Automatic;
				DEVELOPMENT_TEAM = T4G8L4HPA5;
				INFOPLIST_FILE = HELLO/Info.plist;
				LD_RUNPATH_SEARCH_PATHS = (
					"$(inherited)",
					"@executable_path/Frameworks",
				);
				PRODUCT_BUNDLE_IDENTIFIER = com.gajendra.HELLO;
				PRODUCT_NAME = "$(TARGET_NAME)";
				SWIFT_VERSION = 4.0;
				TARGETED_DEVICE_FAMILY = "1,2";
			};
			name = Release;
		};
		77DE83802100EB86006F609E /* Debug */ = {
			isa = XCBuildConfiguration;
			buildSettings = {
				ALWAYS_EMBED_SWIFT_STANDARD_LIBRARIES = YES;
				BUNDLE_LOADER = "$(TEST_HOST)";
				CODE_SIGN_STYLE = Automatic;
				DEVELOPMENT_TEAM = T4G8L4HPA5;
				INFOPLIST_FILE = HELLOTests/Info.plist;
				LD_RUNPATH_SEARCH_PATHS = (
					"$(inherited)",
					"@executable_path/Frameworks",
					"@loader_path/Frameworks",
				);
				PRODUCT_BUNDLE_IDENTIFIER = com.gajendra.HELLOTests;
				PRODUCT_NAME = "$(TARGET_NAME)";
				SWIFT_VERSION = 4.0;
				TARGETED_DEVICE_FAMILY = "1,2";
				TEST_HOST = "$(BUILT_PRODUCTS_DIR)/HELLO.app/HELLO";
			};
			name = Debug;
		};
		77DE83812100EB86006F609E /* Release */ = {
			isa = XCBuildConfiguration;
			buildSettings = {
				ALWAYS_EMBED_SWIFT_STANDARD_LIBRARIES = YES;
				BUNDLE_LOADER = "$(TEST_HOST)";
				CODE_SIGN_STYLE = Automatic;
				DEVELOPMENT_TEAM = T4G8L4HPA5;
				INFOPLIST_FILE = HELLOTests/Info.plist;
				LD_RUNPATH_SEARCH_PATHS = (
					"$(inherited)",
					"@executable_path/Frameworks",
					"@loader_path/Frameworks",
				);
				PRODUCT_BUNDLE_IDENTIFIER = com.gajendra.HELLOTests;
				PRODUCT_NAME = "$(TARGET_NAME)";
				SWIFT_VERSION = 4.0;
				TARGETED_DEVICE_FAMILY = "1,2";
				TEST_HOST = "$(BUILT_PRODUCTS_DIR)/HELLO.app/HELLO";
			};
			name = Release;
		};
/* End XCBuildConfiguration section */

/* Begin XCConfigurationList section */
		77DE835A2100EB85006F609E /* Build configuration list for PBXProject "HELLO" */ = {
			isa = XCConfigurationList;
			buildConfigurations = (
				77DE837A2100EB86006F609E /* Debug */,
				77DE837B2100EB86006F609E /* Release */,
			);
			defaultConfigurationIsVisible = 0;
			defaultConfigurationName = Release;
		};
		77DE837C2100EB86006F609E /* Build configuration list for PBXNativeTarget "HELLO" */ = {
			isa = XCConfigurationList;
			buildConfigurations = (
				77DE837D2100EB86006F609E /* Debug */,
				77DE837E2100EB86006F609E /* Release */,
			);
			defaultConfigurationIsVisible = 0;
			defaultConfigurationName = Release;
		};
		77DE837F2100EB86006F609E /* Build configuration list for PBXNativeTarget "HELLOTests" */ = {
			isa = XCConfigurationList;
			buildConfigurations = (
				77DE83802100EB86006F609E /* Debug */,
				77DE83812100EB86006F609E /* Release */,
			);
			defaultConfigurationIsVisible = 0;
			defaultConfigurationName = Release;
		};
/* End XCConfigurationList section */
	};
	rootObject = 77DE83572100EB85006F609E /* Project object */;
}
